
Microsoft Visual Studio Solution File, Format Version 12.00
# Visual Studio Version 16
VisualStudioVersion = 16.0.29613.14
MinimumVisualStudioVersion = 10.0.40219.1
Project("{FAE04EC0-301F-11D3-BF4B-00C04F79EFBC}") = "IntroLibrary.Api", "IntroLibrary.Api\IntroLibrary.Api.csproj", "{00FC728C-4180-476C-B2EB-6436185BD21B}"
EndProject
Project("{FAE04EC0-301F-11D3-BF4B-00C04F79EFBC}") = "IntroLibrary.Core", "IntroLibrary.Core\IntroLibrary.Core.csproj", "{8595E021-AD1E-4B23-951D-079FB989677C}"
EndProject
Global
	GlobalSection(SolutionConfigurationPlatforms) = preSolution
		Debug|Any CPU = Debug|Any CPU
		Release|Any CPU = Release|Any CPU
	EndGlobalSection
	GlobalSection(ProjectConfigurationPlatforms) = postSolution
		{00FC728C-4180-476C-B2EB-6436185BD21B}.Debug|Any CPU.ActiveCfg = Debug|Any CPU
		{00FC728C-4180-476C-B2EB-6436185BD21B}.Debug|Any CPU.Build.0 = Debug|Any CPU
		{00FC728C-4180-476C-B2EB-6436185BD21B}.Release|Any CPU.ActiveCfg = Release|Any CPU
		{00FC728C-4180-476C-B2EB-6436185BD21B}.Release|Any CPU.Build.0 = Release|Any CPU
		{8595E021-AD1E-4B23-951D-079FB989677C}.Debug|Any CPU.ActiveCfg = Debug|Any CPU
		{8595E021-AD1E-4B23-951D-079FB989677C}.Debug|Any CPU.Build.0 = Debug|Any CPU
		{8595E021-AD1E-4B23-951D-079FB989677C}.Release|Any CPU.ActiveCfg = Release|Any CPU
		{8595E021-AD1E-4B23-951D-079FB989677C}.Release|Any CPU.Build.0 = Release|Any CPU
	EndGlobalSection
	GlobalSection(SolutionProperties) = preSolution
		HideSolutionNode = FALSE
	EndGlobalSection
	GlobalSection(ExtensibilityGlobals) = postSolution
		SolutionGuid = {622FE348-5842-4F59-AD08-3A158448B2C7}
	EndGlobalSection
EndGlobal
